
Microsoft Visual Studio Solution File, Format Version 12.00
# Visual Studio Version 17
VisualStudioVersion = 17.7.34221.43
MinimumVisualStudioVersion = 10.0.40219.1
Project("{2150E333-8FDC-42A3-9474-1A3956D46DE8}") = "src", "src", "{04BF4DDD-7735-455F-AC53-720233E776A7}"
EndProject
Project("{9A19103F-16F7-4668-BE54-9A1E7A4F7556}") = "CMS.Backend.API", "src\CMS.Backend.API\CMS.Backend.API.csproj", "{2B540DD4-0C4D-4A91-A39E-707FB33EB7A4}"
EndProject
Project("{9A19103F-16F7-4668-BE54-9A1E7A4F7556}") = "CMS.Backend.Application", "src\CMS.Backend.Application\CMS.Backend.Application.csproj", "{0056CCB5-CCA0-4E4C-A82A-53538A36313A}"
EndProject
Project("{9A19103F-16F7-4668-BE54-9A1E7A4F7556}") = "CMS.Backend.Domain", "src\CMS.Backend.Domain\CMS.Backend.Domain.csproj", "{65C52ED8-E1B8-488B-8B87-B2D56ABFA72A}"
EndProject
Project("{9A19103F-16F7-4668-BE54-9A1E7A4F7556}") = "CMS.Backend.Infrastructure", "src\CMS.Backend.Infrastructure\CMS.Backend.Infrastructure.csproj", "{133933EB-5D17-4D73-BA3D-131892AE5833}"
EndProject
Project("{9A19103F-16F7-4668-BE54-9A1E7A4F7556}") = "CMS.Backend.Shared", "src\CMS.Backend.Shared\CMS.Backend.Shared.csproj", "{F046806D-E431-41E7-ACB3-F4162E217E74}"
EndProject
Global
	GlobalSection(SolutionConfigurationPlatforms) = preSolution
		Debug|Any CPU = Debug|Any CPU
		Release|Any CPU = Release|Any CPU
	EndGlobalSection
	GlobalSection(ProjectConfigurationPlatforms) = postSolution
		{2B540DD4-0C4D-4A91-A39E-707FB33EB7A4}.Debug|Any CPU.ActiveCfg = Debug|Any CPU
		{2B540DD4-0C4D-4A91-A39E-707FB33EB7A4}.Debug|Any CPU.Build.0 = Debug|Any CPU
		{2B540DD4-0C4D-4A91-A39E-707FB33EB7A4}.Release|Any CPU.ActiveCfg = Release|Any CPU
		{2B540DD4-0C4D-4A91-A39E-707FB33EB7A4}.Release|Any CPU.Build.0 = Release|Any CPU
		{0056CCB5-CCA0-4E4C-A82A-53538A36313A}.Debug|Any CPU.ActiveCfg = Debug|Any CPU
		{0056CCB5-CCA0-4E4C-A82A-53538A36313A}.Debug|Any CPU.Build.0 = Debug|Any CPU
		{0056CCB5-CCA0-4E4C-A82A-53538A36313A}.Release|Any CPU.ActiveCfg = Release|Any CPU
		{0056CCB5-CCA0-4E4C-A82A-53538A36313A}.Release|Any CPU.Build.0 = Release|Any CPU
		{65C52ED8-E1B8-488B-8B87-B2D56ABFA72A}.Debug|Any CPU.ActiveCfg = Debug|Any CPU
		{65C52ED8-E1B8-488B-8B87-B2D56ABFA72A}.Debug|Any CPU.Build.0 = Debug|Any CPU
		{65C52ED8-E1B8-488B-8B87-B2D56ABFA72A}.Release|Any CPU.ActiveCfg = Release|Any CPU
		{65C52ED8-E1B8-488B-8B87-B2D56ABFA72A}.Release|Any CPU.Build.0 = Release|Any CPU
		{133933EB-5D17-4D73-BA3D-131892AE5833}.Debug|Any CPU.ActiveCfg = Debug|Any CPU
		{133933EB-5D17-4D73-BA3D-131892AE5833}.Debug|Any CPU.Build.0 = Debug|Any CPU
		{133933EB-5D17-4D73-BA3D-131892AE5833}.Release|Any CPU.ActiveCfg = Release|Any CPU
		{133933EB-5D17-4D73-BA3D-131892AE5833}.Release|Any CPU.Build.0 = Release|Any CPU
		{F046806D-E431-41E7-ACB3-F4162E217E74}.Debug|Any CPU.ActiveCfg = Debug|Any CPU
		{F046806D-E431-41E7-ACB3-F4162E217E74}.Debug|Any CPU.Build.0 = Debug|Any CPU
		{F046806D-E431-41E7-ACB3-F4162E217E74}.Release|Any CPU.ActiveCfg = Release|Any CPU
		{F046806D-E431-41E7-ACB3-F4162E217E74}.Release|Any CPU.Build.0 = Release|Any CPU
	EndGlobalSection
	GlobalSection(SolutionProperties) = preSolution
		HideSolutionNode = FALSE
	EndGlobalSection
	GlobalSection(NestedProjects) = preSolution
		{2B540DD4-0C4D-4A91-A39E-707FB33EB7A4} = {04BF4DDD-7735-455F-AC53-720233E776A7}
		{0056CCB5-CCA0-4E4C-A82A-53538A36313A} = {04BF4DDD-7735-455F-AC53-720233E776A7}
		{65C52ED8-E1B8-488B-8B87-B2D56ABFA72A} = {04BF4DDD-7735-455F-AC53-720233E776A7}
		{133933EB-5D17-4D73-BA3D-131892AE5833} = {04BF4DDD-7735-455F-AC53-720233E776A7}
		{F046806D-E431-41E7-ACB3-F4162E217E74} = {04BF4DDD-7735-455F-AC53-720233E776A7}
	EndGlobalSection
	GlobalSection(ExtensibilityGlobals) = postSolution
		SolutionGuid = {D7D097CB-6325-4FC5-90B7-7C0864B671EF}
	EndGlobalSection
EndGlobal
